{
    "_readme": [
        "This file locks the dependencies of your project to a known state",
        "Read more about it at https://getcomposer.org/doc/01-basic-usage.md#composer-lock-the-lock-file",
        "This file is @generated automatically"
    ],
    "content-hash": "1da970d9f6a8081257486c074f9f7902",
    "packages": [
        {
            "name": "google",
            "version": "45",
            "dist": {
                "type": "file",
                "url": "https://www.gstatic.com/charts/loader.js",
                "reference": null,
                "shasum": null
            },
            "type": "google"
        }
    ],
    "packages-dev": [],
    "aliases": [],
    "minimum-stability": "stable",
    "stability-flags": [],
    "prefer-stable": false,
    "prefer-lowest": false,
    "platform": [],
    "platform-dev": []
}
